
Microsoft Visual Studio Solution File, Format Version 12.00
# Visual Studio Version 18
VisualStudioVersion = 18.0.11012.119
MinimumVisualStudioVersion = 10.0.40219.1
Project("{2150E333-8FDC-42A3-9474-1A3956D46DE8}") = "Core", "Core", "{64E9A101-EA8E-41FB-9022-DDD601ACB847}"
	ProjectSection(SolutionItems) = preProject
		.editorconfig = .editorconfig
	EndProjectSection
EndProject
Project("{2150E333-8FDC-42A3-9474-1A3956D46DE8}") = "Tests", "Tests", "{72380FF4-05A9-40F5-8ABD-46B2A572F453}"
EndProject
Project("{9A19103F-16F7-4668-BE54-9A1E7A4F7556}") = "EficazFramework.Utilities", "Core\EficazFramework.Utilities\EficazFramework.Utilities.csproj", "{3FC5BA27-3EFB-4271-ACCD-65EF476B12B4}"
EndProject
Project("{9A19103F-16F7-4668-BE54-9A1E7A4F7556}") = "EficazFramework.Data", "Core\EficazFramework.Data\EficazFramework.Data.csproj", "{6F404FD1-60F3-4A05-A576-BEAF9EDAFD12}"
EndProject
Project("{9A19103F-16F7-4668-BE54-9A1E7A4F7556}") = "EficazFramework.Tests", "Tests\Core\EficazFramework.Tests\EficazFramework.Tests.csproj", "{F67526C4-3224-4B26-A9DB-4DEE75DF362A}"
EndProject
Project("{2150E333-8FDC-42A3-9474-1A3956D46DE8}") = "Desktop", "Desktop", "{D216F93A-D7ED-4D19-842A-5D4D3736FD4A}"
EndProject
Project("{9A19103F-16F7-4668-BE54-9A1E7A4F7556}") = "EficazFramework.WPF", "Desktop\EficazFramework.WPF\EficazFramework.WPF.csproj", "{A4506F2F-1EE3-45DB-B5A2-B57596B7C9C4}"
EndProject
Project("{FAE04EC0-301F-11D3-BF4B-00C04F79EFBC}") = "EficazFramework.WPF.DesignTools", "Desktop\EficazFramework.WPF.designtools\EficazFramework.WPF.DesignTools.csproj", "{C20FE946-9839-41EF-ABEF-97892B6441CC}"
EndProject
Project("{2150E333-8FDC-42A3-9474-1A3956D46DE8}") = "Web", "Web", "{6652DDD9-BA92-4AB2-BD84-2434876566EA}"
EndProject
Project("{9A19103F-16F7-4668-BE54-9A1E7A4F7556}") = "EficazFramework.Blazor", "Web\EficazFramework.Blazor\EficazFramework.Blazor.csproj", "{9CF54CE8-9709-43C0-AC85-3EF0B0ADBDCF}"
EndProject
Project("{2150E333-8FDC-42A3-9474-1A3956D46DE8}") = "Docs", "Docs", "{2EF21EC5-D38B-49F2-AD36-5B871F378805}"
EndProject
Project("{9A19103F-16F7-4668-BE54-9A1E7A4F7556}") = "EficazFramework.DocsApiPlugin", "Plugins\EficazFramework.DocsApiPlugin\EficazFramework.DocsApiPlugin.csproj", "{6733EC3A-A6E2-49DD-9ED1-9EEA3F0E9F73}"
EndProject
Project("{2150E333-8FDC-42A3-9474-1A3956D46DE8}") = "Samples", "Samples", "{42E6F1B1-3BC0-40A3-A68D-462906F326A9}"
EndProject
Project("{2150E333-8FDC-42A3-9474-1A3956D46DE8}") = "Solution Items", "Solution Items", "{8387DE17-3DAD-4ACF-935D-B14115F7932B}"
	ProjectSection(SolutionItems) = preProject
		SolutionScripts\Tests.psm1 = SolutionScripts\Tests.psm1
		SolutionScripts\Version.psm1 = SolutionScripts\Version.psm1
	EndProjectSection
EndProject
Project("{2150E333-8FDC-42A3-9474-1A3956D46DE8}") = "DataProviders", "DataProviders", "{0B99689E-69D3-4234-A3DA-D257FFF929B9}"
EndProject
Project("{9A19103F-16F7-4668-BE54-9A1E7A4F7556}") = "EficazFramework.Data.MsSqlServer", "DataProviders\EficazFramework.Data.MsSqlServer\EficazFramework.Data.MsSqlServer.csproj", "{6F4AF74B-1A50-4F8E-AFB0-F6BFCD7F5821}"
EndProject
Project("{9A19103F-16F7-4668-BE54-9A1E7A4F7556}") = "EficazFramework.Data.InMemory", "DataProviders\EficazFramework.Data.InMemory\EficazFramework.Data.InMemory.csproj", "{611C370A-16DE-4EA3-B790-2B1E62DF605D}"
EndProject
Project("{9A19103F-16F7-4668-BE54-9A1E7A4F7556}") = "EficazFramework.Data.SqlLite", "DataProviders\EficazFramework.Data.SqlLite\EficazFramework.Data.SqlLite.csproj", "{CC21D823-1563-46CB-9DDC-DE591C6A9342}"
EndProject
Project("{9A19103F-16F7-4668-BE54-9A1E7A4F7556}") = "EficazFramework.Data.MySql", "DataProviders\EficazFramework.Data.MySql\EficazFramework.Data.MySql.csproj", "{72F78C92-822D-4A1A-AB53-5B4FBC44FE58}"
EndProject
Project("{2150E333-8FDC-42A3-9474-1A3956D46DE8}") = "Core", "Core", "{2462742A-1CB5-451B-9EAA-577CD221B846}"
EndProject
Project("{2150E333-8FDC-42A3-9474-1A3956D46DE8}") = "Desktop", "Desktop", "{6DE03546-C8DE-4CC4-BB4A-DF4C337E51E7}"
EndProject
Project("{9A19103F-16F7-4668-BE54-9A1E7A4F7556}") = "EficazFramework.Tests.WPF", "Tests\Desktop\EficazFramework.Tests.WPF\EficazFramework.Tests.WPF.csproj", "{D3F5A13F-33CC-4EA8-BFE7-3F80293D5240}"
EndProject
Project("{2150E333-8FDC-42A3-9474-1A3956D46DE8}") = "Web", "Web", "{8CC8E7BE-3B66-4334-9CB7-F5DA16CC71B0}"
EndProject
Project("{9A19103F-16F7-4668-BE54-9A1E7A4F7556}") = "EficazFramework.Tests.Blazor.Views", "Tests\Web\EficazFramework.Tests.Blazor.Views\EficazFramework.Tests.Blazor.Views.csproj", "{55F8F0C2-27AD-4CAC-82D7-6445DD606708}"
EndProject
Project("{9A19103F-16F7-4668-BE54-9A1E7A4F7556}") = "EficazFramework.Tests.Blazor", "Tests\Web\EficazFramework.Tests.Blazor\EficazFramework.Tests.Blazor.csproj", "{A89B0AAC-F345-406C-8DB1-48D657825A31}"
EndProject
Project("{9A19103F-16F7-4668-BE54-9A1E7A4F7556}") = "EficazFramework.Tests.WPF.Views", "Tests\Desktop\EficazFramework.Tests.WPF.Views\EficazFramework.Tests.WPF.Views.csproj", "{14F83D66-DA3A-42F4-96F0-8DB2CD27BCB0}"
EndProject
Project("{9A19103F-16F7-4668-BE54-9A1E7A4F7556}") = "EficazFramework.Generators", "CodeGenerators\EficazFramework.Generators\EficazFramework.Generators.csproj", "{41F7C165-4152-487D-81DC-36ECD66DC5F1}"
EndProject
Project("{2150E333-8FDC-42A3-9474-1A3956D46DE8}") = "CodeGenerators", "CodeGenerators", "{C103CAB5-89D7-4F9A-8AED-3CF8BC3C0642}"
EndProject
Project("{2150E333-8FDC-42A3-9474-1A3956D46DE8}") = "Generators", "Generators", "{6D40AE2F-A37E-4FFE-B3A1-EF932E7B3CB6}"
EndProject
Project("{9A19103F-16F7-4668-BE54-9A1E7A4F7556}") = "EficazFramework.Tests.Generators.Metadata", "Tests\Generators\EficazFramework.Tests.Generators.Metadata\EficazFramework.Tests.Generators.Metadata.csproj", "{6D37DC80-844D-493C-B470-49C4A5F7F024}"
EndProject
Project("{2150E333-8FDC-42A3-9474-1A3956D46DE8}") = "Docs", "Docs", "{50089854-3B5E-4124-89EB-2C39C0DA6FD6}"
EndProject
Project("{9A19103F-16F7-4668-BE54-9A1E7A4F7556}") = "EficazFramework.Tests.DocsApiPlugin", "Tests\Docs\EficazFramework.Tests.DocsApiPlugin\EficazFramework.Tests.DocsApiPlugin.csproj", "{607CA85A-B7E0-4344-9FA5-5A1E1D5EB388}"
EndProject
Project("{9A19103F-16F7-4668-BE54-9A1E7A4F7556}") = "EficazFramework.Tests.FakeServerApi", "Tests\Web\EficazFramework.Tests.FakeServerApi\EficazFramework.Tests.FakeServerApi.csproj", "{92F8CF42-34ED-441E-9D76-562AFAC8BABE}"
EndProject
Project("{9A19103F-16F7-4668-BE54-9A1E7A4F7556}") = "EficazFramework.Expressions", "Core\EficazFramework.Expressions\EficazFramework.Expressions.csproj", "{3065B333-6353-43BE-AFB9-AB32B95C68D5}"
EndProject
Project("{9A19103F-16F7-4668-BE54-9A1E7A4F7556}") = "EficazFramework.Collections", "Core\EficazFramework.Collections\EficazFramework.Collections.csproj", "{B01BE4AB-632D-4205-8CA1-08C5D6E1BFFA}"
EndProject
Project("{2150E333-8FDC-42A3-9474-1A3956D46DE8}") = "Web", "Web", "{513C3432-2C99-4F59-BF0C-726B9C5E2E58}"
EndProject
Project("{9A19103F-16F7-4668-BE54-9A1E7A4F7556}") = "Blazor", "Samples\Blazor\Blazor\Blazor.csproj", "{5DF9EC02-F813-4813-8798-7D2B6FC064B8}"
EndProject
Project("{9A19103F-16F7-4668-BE54-9A1E7A4F7556}") = "Blazor.Client", "Samples\Blazor\Blazor.Client\Blazor.Client.csproj", "{3125D2C4-05C4-4048-90D9-51B521F93AA4}"
EndProject
Project("{2150E333-8FDC-42A3-9474-1A3956D46DE8}") = "Common", "Common", "{7E805616-1883-4ACB-993F-58A2031ABF11}"
EndProject
Project("{9A19103F-16F7-4668-BE54-9A1E7A4F7556}") = "Entities", "Samples\Common\Entities\Entities.csproj", "{7212F180-3800-481C-A5A8-0A5F4EF84F0A}"
EndProject
Project("{9A19103F-16F7-4668-BE54-9A1E7A4F7556}") = "Shared", "Samples\Common\Shared\Shared.csproj", "{37BFA1B1-1AC4-48B5-A12C-08FDDF7E0F6A}"
EndProject
Project("{FAE04EC0-301F-11D3-BF4B-00C04F79EFBC}") = "EficazFramework.Data.PostgreSql", "DataProviders\EficazFramework.Data.PostgreSql\EficazFramework.Data.PostgreSql.csproj", "{FEDEECFC-6C6D-4A75-BEF1-C894762C062C}"
EndProject
Global
	GlobalSection(SolutionConfigurationPlatforms) = preSolution
		Debug|Any CPU = Debug|Any CPU
		Release|Any CPU = Release|Any CPU
		ReleaseDevOps|Any CPU = ReleaseDevOps|Any CPU
	EndGlobalSection
	GlobalSection(ProjectConfigurationPlatforms) = postSolution
		{3FC5BA27-3EFB-4271-ACCD-65EF476B12B4}.Debug|Any CPU.ActiveCfg = Debug|Any CPU
		{3FC5BA27-3EFB-4271-ACCD-65EF476B12B4}.Debug|Any CPU.Build.0 = Debug|Any CPU
		{3FC5BA27-3EFB-4271-ACCD-65EF476B12B4}.Release|Any CPU.ActiveCfg = Release|Any CPU
		{3FC5BA27-3EFB-4271-ACCD-65EF476B12B4}.Release|Any CPU.Build.0 = Release|Any CPU
		{3FC5BA27-3EFB-4271-ACCD-65EF476B12B4}.ReleaseDevOps|Any CPU.ActiveCfg = Release|Any CPU
		{3FC5BA27-3EFB-4271-ACCD-65EF476B12B4}.ReleaseDevOps|Any CPU.Build.0 = Release|Any CPU
		{6F404FD1-60F3-4A05-A576-BEAF9EDAFD12}.Debug|Any CPU.ActiveCfg = Debug|Any CPU
		{6F404FD1-60F3-4A05-A576-BEAF9EDAFD12}.Debug|Any CPU.Build.0 = Debug|Any CPU
		{6F404FD1-60F3-4A05-A576-BEAF9EDAFD12}.Release|Any CPU.ActiveCfg = Release|Any CPU
		{6F404FD1-60F3-4A05-A576-BEAF9EDAFD12}.Release|Any CPU.Build.0 = Release|Any CPU
		{6F404FD1-60F3-4A05-A576-BEAF9EDAFD12}.ReleaseDevOps|Any CPU.ActiveCfg = Release|Any CPU
		{6F404FD1-60F3-4A05-A576-BEAF9EDAFD12}.ReleaseDevOps|Any CPU.Build.0 = Release|Any CPU
		{F67526C4-3224-4B26-A9DB-4DEE75DF362A}.Debug|Any CPU.ActiveCfg = Debug|Any CPU
		{F67526C4-3224-4B26-A9DB-4DEE75DF362A}.Debug|Any CPU.Build.0 = Debug|Any CPU
		{F67526C4-3224-4B26-A9DB-4DEE75DF362A}.Release|Any CPU.ActiveCfg = Release|Any CPU
		{F67526C4-3224-4B26-A9DB-4DEE75DF362A}.Release|Any CPU.Build.0 = Release|Any CPU
		{F67526C4-3224-4B26-A9DB-4DEE75DF362A}.ReleaseDevOps|Any CPU.ActiveCfg = Release|Any CPU
		{F67526C4-3224-4B26-A9DB-4DEE75DF362A}.ReleaseDevOps|Any CPU.Build.0 = Release|Any CPU
		{A4506F2F-1EE3-45DB-B5A2-B57596B7C9C4}.Debug|Any CPU.ActiveCfg = Debug|Any CPU
		{A4506F2F-1EE3-45DB-B5A2-B57596B7C9C4}.Debug|Any CPU.Build.0 = Debug|Any CPU
		{A4506F2F-1EE3-45DB-B5A2-B57596B7C9C4}.Release|Any CPU.ActiveCfg = Release|Any CPU
		{A4506F2F-1EE3-45DB-B5A2-B57596B7C9C4}.Release|Any CPU.Build.0 = Release|Any CPU
		{A4506F2F-1EE3-45DB-B5A2-B57596B7C9C4}.ReleaseDevOps|Any CPU.ActiveCfg = Release|Any CPU
		{A4506F2F-1EE3-45DB-B5A2-B57596B7C9C4}.ReleaseDevOps|Any CPU.Build.0 = Release|Any CPU
		{C20FE946-9839-41EF-ABEF-97892B6441CC}.Debug|Any CPU.ActiveCfg = Debug|Any CPU
		{C20FE946-9839-41EF-ABEF-97892B6441CC}.Debug|Any CPU.Build.0 = Debug|Any CPU
		{C20FE946-9839-41EF-ABEF-97892B6441CC}.Release|Any CPU.ActiveCfg = Release|Any CPU
		{C20FE946-9839-41EF-ABEF-97892B6441CC}.Release|Any CPU.Build.0 = Release|Any CPU
		{C20FE946-9839-41EF-ABEF-97892B6441CC}.ReleaseDevOps|Any CPU.ActiveCfg = ReleaseDevOps|Any CPU
		{C20FE946-9839-41EF-ABEF-97892B6441CC}.ReleaseDevOps|Any CPU.Build.0 = ReleaseDevOps|Any CPU
		{9CF54CE8-9709-43C0-AC85-3EF0B0ADBDCF}.Debug|Any CPU.ActiveCfg = Debug|Any CPU
		{9CF54CE8-9709-43C0-AC85-3EF0B0ADBDCF}.Debug|Any CPU.Build.0 = Debug|Any CPU
		{9CF54CE8-9709-43C0-AC85-3EF0B0ADBDCF}.Release|Any CPU.ActiveCfg = Release|Any CPU
		{9CF54CE8-9709-43C0-AC85-3EF0B0ADBDCF}.Release|Any CPU.Build.0 = Release|Any CPU
		{9CF54CE8-9709-43C0-AC85-3EF0B0ADBDCF}.ReleaseDevOps|Any CPU.ActiveCfg = Release|Any CPU
		{9CF54CE8-9709-43C0-AC85-3EF0B0ADBDCF}.ReleaseDevOps|Any CPU.Build.0 = Release|Any CPU
		{6733EC3A-A6E2-49DD-9ED1-9EEA3F0E9F73}.Debug|Any CPU.ActiveCfg = Debug|Any CPU
		{6733EC3A-A6E2-49DD-9ED1-9EEA3F0E9F73}.Debug|Any CPU.Build.0 = Debug|Any CPU
		{6733EC3A-A6E2-49DD-9ED1-9EEA3F0E9F73}.Release|Any CPU.ActiveCfg = Release|Any CPU
		{6733EC3A-A6E2-49DD-9ED1-9EEA3F0E9F73}.Release|Any CPU.Build.0 = Release|Any CPU
		{6733EC3A-A6E2-49DD-9ED1-9EEA3F0E9F73}.ReleaseDevOps|Any CPU.ActiveCfg = Release|Any CPU
		{6733EC3A-A6E2-49DD-9ED1-9EEA3F0E9F73}.ReleaseDevOps|Any CPU.Build.0 = Release|Any CPU
		{6F4AF74B-1A50-4F8E-AFB0-F6BFCD7F5821}.Debug|Any CPU.ActiveCfg = Debug|Any CPU
		{6F4AF74B-1A50-4F8E-AFB0-F6BFCD7F5821}.Debug|Any CPU.Build.0 = Debug|Any CPU
		{6F4AF74B-1A50-4F8E-AFB0-F6BFCD7F5821}.Release|Any CPU.ActiveCfg = Release|Any CPU
		{6F4AF74B-1A50-4F8E-AFB0-F6BFCD7F5821}.Release|Any CPU.Build.0 = Release|Any CPU
		{6F4AF74B-1A50-4F8E-AFB0-F6BFCD7F5821}.ReleaseDevOps|Any CPU.ActiveCfg = Release|Any CPU
		{6F4AF74B-1A50-4F8E-AFB0-F6BFCD7F5821}.ReleaseDevOps|Any CPU.Build.0 = Release|Any CPU
		{611C370A-16DE-4EA3-B790-2B1E62DF605D}.Debug|Any CPU.ActiveCfg = Debug|Any CPU
		{611C370A-16DE-4EA3-B790-2B1E62DF605D}.Debug|Any CPU.Build.0 = Debug|Any CPU
		{611C370A-16DE-4EA3-B790-2B1E62DF605D}.Release|Any CPU.ActiveCfg = Release|Any CPU
		{611C370A-16DE-4EA3-B790-2B1E62DF605D}.Release|Any CPU.Build.0 = Release|Any CPU
		{611C370A-16DE-4EA3-B790-2B1E62DF605D}.ReleaseDevOps|Any CPU.ActiveCfg = Release|Any CPU
		{611C370A-16DE-4EA3-B790-2B1E62DF605D}.ReleaseDevOps|Any CPU.Build.0 = Release|Any CPU
		{CC21D823-1563-46CB-9DDC-DE591C6A9342}.Debug|Any CPU.ActiveCfg = Debug|Any CPU
		{CC21D823-1563-46CB-9DDC-DE591C6A9342}.Debug|Any CPU.Build.0 = Debug|Any CPU
		{CC21D823-1563-46CB-9DDC-DE591C6A9342}.Release|Any CPU.ActiveCfg = Release|Any CPU
		{CC21D823-1563-46CB-9DDC-DE591C6A9342}.Release|Any CPU.Build.0 = Release|Any CPU
		{CC21D823-1563-46CB-9DDC-DE591C6A9342}.ReleaseDevOps|Any CPU.ActiveCfg = Release|Any CPU
		{CC21D823-1563-46CB-9DDC-DE591C6A9342}.ReleaseDevOps|Any CPU.Build.0 = Release|Any CPU
		{72F78C92-822D-4A1A-AB53-5B4FBC44FE58}.Debug|Any CPU.ActiveCfg = Debug|Any CPU
		{72F78C92-822D-4A1A-AB53-5B4FBC44FE58}.Debug|Any CPU.Build.0 = Debug|Any CPU
		{72F78C92-822D-4A1A-AB53-5B4FBC44FE58}.Release|Any CPU.ActiveCfg = Release|Any CPU
		{72F78C92-822D-4A1A-AB53-5B4FBC44FE58}.Release|Any CPU.Build.0 = Release|Any CPU
		{72F78C92-822D-4A1A-AB53-5B4FBC44FE58}.ReleaseDevOps|Any CPU.ActiveCfg = Release|Any CPU
		{72F78C92-822D-4A1A-AB53-5B4FBC44FE58}.ReleaseDevOps|Any CPU.Build.0 = Release|Any CPU
		{D3F5A13F-33CC-4EA8-BFE7-3F80293D5240}.Debug|Any CPU.ActiveCfg = Debug|Any CPU
		{D3F5A13F-33CC-4EA8-BFE7-3F80293D5240}.Debug|Any CPU.Build.0 = Debug|Any CPU
		{D3F5A13F-33CC-4EA8-BFE7-3F80293D5240}.Release|Any CPU.ActiveCfg = Release|Any CPU
		{D3F5A13F-33CC-4EA8-BFE7-3F80293D5240}.Release|Any CPU.Build.0 = Release|Any CPU
		{D3F5A13F-33CC-4EA8-BFE7-3F80293D5240}.ReleaseDevOps|Any CPU.ActiveCfg = Release|Any CPU
		{D3F5A13F-33CC-4EA8-BFE7-3F80293D5240}.ReleaseDevOps|Any CPU.Build.0 = Release|Any CPU
		{55F8F0C2-27AD-4CAC-82D7-6445DD606708}.Debug|Any CPU.ActiveCfg = Debug|Any CPU
		{55F8F0C2-27AD-4CAC-82D7-6445DD606708}.Debug|Any CPU.Build.0 = Debug|Any CPU
		{55F8F0C2-27AD-4CAC-82D7-6445DD606708}.Release|Any CPU.ActiveCfg = Release|Any CPU
		{55F8F0C2-27AD-4CAC-82D7-6445DD606708}.Release|Any CPU.Build.0 = Release|Any CPU
		{55F8F0C2-27AD-4CAC-82D7-6445DD606708}.ReleaseDevOps|Any CPU.ActiveCfg = Release|Any CPU
		{55F8F0C2-27AD-4CAC-82D7-6445DD606708}.ReleaseDevOps|Any CPU.Build.0 = Release|Any CPU
		{A89B0AAC-F345-406C-8DB1-48D657825A31}.Debug|Any CPU.ActiveCfg = Debug|Any CPU
		{A89B0AAC-F345-406C-8DB1-48D657825A31}.Debug|Any CPU.Build.0 = Debug|Any CPU
		{A89B0AAC-F345-406C-8DB1-48D657825A31}.Release|Any CPU.ActiveCfg = Release|Any CPU
		{A89B0AAC-F345-406C-8DB1-48D657825A31}.Release|Any CPU.Build.0 = Release|Any CPU
		{A89B0AAC-F345-406C-8DB1-48D657825A31}.ReleaseDevOps|Any CPU.ActiveCfg = Release|Any CPU
		{A89B0AAC-F345-406C-8DB1-48D657825A31}.ReleaseDevOps|Any CPU.Build.0 = Release|Any CPU
		{14F83D66-DA3A-42F4-96F0-8DB2CD27BCB0}.Debug|Any CPU.ActiveCfg = Debug|Any CPU
		{14F83D66-DA3A-42F4-96F0-8DB2CD27BCB0}.Debug|Any CPU.Build.0 = Debug|Any CPU
		{14F83D66-DA3A-42F4-96F0-8DB2CD27BCB0}.Release|Any CPU.ActiveCfg = Release|Any CPU
		{14F83D66-DA3A-42F4-96F0-8DB2CD27BCB0}.Release|Any CPU.Build.0 = Release|Any CPU
		{14F83D66-DA3A-42F4-96F0-8DB2CD27BCB0}.ReleaseDevOps|Any CPU.ActiveCfg = Release|Any CPU
		{14F83D66-DA3A-42F4-96F0-8DB2CD27BCB0}.ReleaseDevOps|Any CPU.Build.0 = Release|Any CPU
		{41F7C165-4152-487D-81DC-36ECD66DC5F1}.Debug|Any CPU.ActiveCfg = Debug|Any CPU
		{41F7C165-4152-487D-81DC-36ECD66DC5F1}.Debug|Any CPU.Build.0 = Debug|Any CPU
		{41F7C165-4152-487D-81DC-36ECD66DC5F1}.Release|Any CPU.ActiveCfg = Release|Any CPU
		{41F7C165-4152-487D-81DC-36ECD66DC5F1}.Release|Any CPU.Build.0 = Release|Any CPU
		{41F7C165-4152-487D-81DC-36ECD66DC5F1}.ReleaseDevOps|Any CPU.ActiveCfg = Release|Any CPU
		{41F7C165-4152-487D-81DC-36ECD66DC5F1}.ReleaseDevOps|Any CPU.Build.0 = Release|Any CPU
		{6D37DC80-844D-493C-B470-49C4A5F7F024}.Debug|Any CPU.ActiveCfg = Debug|Any CPU
		{6D37DC80-844D-493C-B470-49C4A5F7F024}.Debug|Any CPU.Build.0 = Debug|Any CPU
		{6D37DC80-844D-493C-B470-49C4A5F7F024}.Release|Any CPU.ActiveCfg = Release|Any CPU
		{6D37DC80-844D-493C-B470-49C4A5F7F024}.Release|Any CPU.Build.0 = Release|Any CPU
		{6D37DC80-844D-493C-B470-49C4A5F7F024}.ReleaseDevOps|Any CPU.ActiveCfg = Release|Any CPU
		{6D37DC80-844D-493C-B470-49C4A5F7F024}.ReleaseDevOps|Any CPU.Build.0 = Release|Any CPU
		{607CA85A-B7E0-4344-9FA5-5A1E1D5EB388}.Debug|Any CPU.ActiveCfg = Debug|Any CPU
		{607CA85A-B7E0-4344-9FA5-5A1E1D5EB388}.Debug|Any CPU.Build.0 = Debug|Any CPU
		{607CA85A-B7E0-4344-9FA5-5A1E1D5EB388}.Release|Any CPU.ActiveCfg = Release|Any CPU
		{607CA85A-B7E0-4344-9FA5-5A1E1D5EB388}.Release|Any CPU.Build.0 = Release|Any CPU
		{607CA85A-B7E0-4344-9FA5-5A1E1D5EB388}.ReleaseDevOps|Any CPU.ActiveCfg = Release|Any CPU
		{607CA85A-B7E0-4344-9FA5-5A1E1D5EB388}.ReleaseDevOps|Any CPU.Build.0 = Release|Any CPU
		{92F8CF42-34ED-441E-9D76-562AFAC8BABE}.Debug|Any CPU.ActiveCfg = Debug|Any CPU
		{92F8CF42-34ED-441E-9D76-562AFAC8BABE}.Debug|Any CPU.Build.0 = Debug|Any CPU
		{92F8CF42-34ED-441E-9D76-562AFAC8BABE}.Release|Any CPU.ActiveCfg = Release|Any CPU
		{92F8CF42-34ED-441E-9D76-562AFAC8BABE}.Release|Any CPU.Build.0 = Release|Any CPU
		{92F8CF42-34ED-441E-9D76-562AFAC8BABE}.ReleaseDevOps|Any CPU.ActiveCfg = Release|Any CPU
		{92F8CF42-34ED-441E-9D76-562AFAC8BABE}.ReleaseDevOps|Any CPU.Build.0 = Release|Any CPU
		{3065B333-6353-43BE-AFB9-AB32B95C68D5}.Debug|Any CPU.ActiveCfg = Debug|Any CPU
		{3065B333-6353-43BE-AFB9-AB32B95C68D5}.Debug|Any CPU.Build.0 = Debug|Any CPU
		{3065B333-6353-43BE-AFB9-AB32B95C68D5}.Release|Any CPU.ActiveCfg = Release|Any CPU
		{3065B333-6353-43BE-AFB9-AB32B95C68D5}.Release|Any CPU.Build.0 = Release|Any CPU
		{3065B333-6353-43BE-AFB9-AB32B95C68D5}.ReleaseDevOps|Any CPU.ActiveCfg = Release|Any CPU
		{3065B333-6353-43BE-AFB9-AB32B95C68D5}.ReleaseDevOps|Any CPU.Build.0 = Release|Any CPU
		{B01BE4AB-632D-4205-8CA1-08C5D6E1BFFA}.Debug|Any CPU.ActiveCfg = Debug|Any CPU
		{B01BE4AB-632D-4205-8CA1-08C5D6E1BFFA}.Debug|Any CPU.Build.0 = Debug|Any CPU
		{B01BE4AB-632D-4205-8CA1-08C5D6E1BFFA}.Release|Any CPU.ActiveCfg = Release|Any CPU
		{B01BE4AB-632D-4205-8CA1-08C5D6E1BFFA}.Release|Any CPU.Build.0 = Release|Any CPU
		{B01BE4AB-632D-4205-8CA1-08C5D6E1BFFA}.ReleaseDevOps|Any CPU.ActiveCfg = Release|Any CPU
		{B01BE4AB-632D-4205-8CA1-08C5D6E1BFFA}.ReleaseDevOps|Any CPU.Build.0 = Release|Any CPU
		{5DF9EC02-F813-4813-8798-7D2B6FC064B8}.Debug|Any CPU.ActiveCfg = Debug|Any CPU
		{5DF9EC02-F813-4813-8798-7D2B6FC064B8}.Debug|Any CPU.Build.0 = Debug|Any CPU
		{5DF9EC02-F813-4813-8798-7D2B6FC064B8}.Release|Any CPU.ActiveCfg = Release|Any CPU
		{5DF9EC02-F813-4813-8798-7D2B6FC064B8}.Release|Any CPU.Build.0 = Release|Any CPU
		{5DF9EC02-F813-4813-8798-7D2B6FC064B8}.ReleaseDevOps|Any CPU.ActiveCfg = Release|Any CPU
		{5DF9EC02-F813-4813-8798-7D2B6FC064B8}.ReleaseDevOps|Any CPU.Build.0 = Release|Any CPU
		{3125D2C4-05C4-4048-90D9-51B521F93AA4}.Debug|Any CPU.ActiveCfg = Debug|Any CPU
		{3125D2C4-05C4-4048-90D9-51B521F93AA4}.Debug|Any CPU.Build.0 = Debug|Any CPU
		{3125D2C4-05C4-4048-90D9-51B521F93AA4}.Release|Any CPU.ActiveCfg = Release|Any CPU
		{3125D2C4-05C4-4048-90D9-51B521F93AA4}.Release|Any CPU.Build.0 = Release|Any CPU
		{3125D2C4-05C4-4048-90D9-51B521F93AA4}.ReleaseDevOps|Any CPU.ActiveCfg = Release|Any CPU
		{3125D2C4-05C4-4048-90D9-51B521F93AA4}.ReleaseDevOps|Any CPU.Build.0 = Release|Any CPU
		{7212F180-3800-481C-A5A8-0A5F4EF84F0A}.Debug|Any CPU.ActiveCfg = Debug|Any CPU
		{7212F180-3800-481C-A5A8-0A5F4EF84F0A}.Debug|Any CPU.Build.0 = Debug|Any CPU
		{7212F180-3800-481C-A5A8-0A5F4EF84F0A}.Release|Any CPU.ActiveCfg = Release|Any CPU
		{7212F180-3800-481C-A5A8-0A5F4EF84F0A}.Release|Any CPU.Build.0 = Release|Any CPU
		{7212F180-3800-481C-A5A8-0A5F4EF84F0A}.ReleaseDevOps|Any CPU.ActiveCfg = Release|Any CPU
		{7212F180-3800-481C-A5A8-0A5F4EF84F0A}.ReleaseDevOps|Any CPU.Build.0 = Release|Any CPU
		{37BFA1B1-1AC4-48B5-A12C-08FDDF7E0F6A}.Debug|Any CPU.ActiveCfg = Debug|Any CPU
		{37BFA1B1-1AC4-48B5-A12C-08FDDF7E0F6A}.Debug|Any CPU.Build.0 = Debug|Any CPU
		{37BFA1B1-1AC4-48B5-A12C-08FDDF7E0F6A}.Release|Any CPU.ActiveCfg = Release|Any CPU
		{37BFA1B1-1AC4-48B5-A12C-08FDDF7E0F6A}.Release|Any CPU.Build.0 = Release|Any CPU
		{37BFA1B1-1AC4-48B5-A12C-08FDDF7E0F6A}.ReleaseDevOps|Any CPU.ActiveCfg = Release|Any CPU
		{37BFA1B1-1AC4-48B5-A12C-08FDDF7E0F6A}.ReleaseDevOps|Any CPU.Build.0 = Release|Any CPU
		{FEDEECFC-6C6D-4A75-BEF1-C894762C062C}.Debug|Any CPU.ActiveCfg = Debug|Any CPU
		{FEDEECFC-6C6D-4A75-BEF1-C894762C062C}.Debug|Any CPU.Build.0 = Debug|Any CPU
		{FEDEECFC-6C6D-4A75-BEF1-C894762C062C}.Release|Any CPU.ActiveCfg = Release|Any CPU
		{FEDEECFC-6C6D-4A75-BEF1-C894762C062C}.Release|Any CPU.Build.0 = Release|Any CPU
		{FEDEECFC-6C6D-4A75-BEF1-C894762C062C}.ReleaseDevOps|Any CPU.ActiveCfg = Release|Any CPU
		{FEDEECFC-6C6D-4A75-BEF1-C894762C062C}.ReleaseDevOps|Any CPU.Build.0 = Release|Any CPU
	EndGlobalSection
	GlobalSection(SolutionProperties) = preSolution
		HideSolutionNode = FALSE
	EndGlobalSection
	GlobalSection(NestedProjects) = preSolution
		{3FC5BA27-3EFB-4271-ACCD-65EF476B12B4} = {64E9A101-EA8E-41FB-9022-DDD601ACB847}
		{6F404FD1-60F3-4A05-A576-BEAF9EDAFD12} = {64E9A101-EA8E-41FB-9022-DDD601ACB847}
		{F67526C4-3224-4B26-A9DB-4DEE75DF362A} = {2462742A-1CB5-451B-9EAA-577CD221B846}
		{A4506F2F-1EE3-45DB-B5A2-B57596B7C9C4} = {D216F93A-D7ED-4D19-842A-5D4D3736FD4A}
		{C20FE946-9839-41EF-ABEF-97892B6441CC} = {D216F93A-D7ED-4D19-842A-5D4D3736FD4A}
		{9CF54CE8-9709-43C0-AC85-3EF0B0ADBDCF} = {6652DDD9-BA92-4AB2-BD84-2434876566EA}
		{6733EC3A-A6E2-49DD-9ED1-9EEA3F0E9F73} = {2EF21EC5-D38B-49F2-AD36-5B871F378805}
		{6F4AF74B-1A50-4F8E-AFB0-F6BFCD7F5821} = {0B99689E-69D3-4234-A3DA-D257FFF929B9}
		{611C370A-16DE-4EA3-B790-2B1E62DF605D} = {0B99689E-69D3-4234-A3DA-D257FFF929B9}
		{CC21D823-1563-46CB-9DDC-DE591C6A9342} = {0B99689E-69D3-4234-A3DA-D257FFF929B9}
		{72F78C92-822D-4A1A-AB53-5B4FBC44FE58} = {0B99689E-69D3-4234-A3DA-D257FFF929B9}
		{2462742A-1CB5-451B-9EAA-577CD221B846} = {72380FF4-05A9-40F5-8ABD-46B2A572F453}
		{6DE03546-C8DE-4CC4-BB4A-DF4C337E51E7} = {72380FF4-05A9-40F5-8ABD-46B2A572F453}
		{D3F5A13F-33CC-4EA8-BFE7-3F80293D5240} = {6DE03546-C8DE-4CC4-BB4A-DF4C337E51E7}
		{8CC8E7BE-3B66-4334-9CB7-F5DA16CC71B0} = {72380FF4-05A9-40F5-8ABD-46B2A572F453}
		{55F8F0C2-27AD-4CAC-82D7-6445DD606708} = {8CC8E7BE-3B66-4334-9CB7-F5DA16CC71B0}
		{A89B0AAC-F345-406C-8DB1-48D657825A31} = {8CC8E7BE-3B66-4334-9CB7-F5DA16CC71B0}
		{14F83D66-DA3A-42F4-96F0-8DB2CD27BCB0} = {6DE03546-C8DE-4CC4-BB4A-DF4C337E51E7}
		{41F7C165-4152-487D-81DC-36ECD66DC5F1} = {C103CAB5-89D7-4F9A-8AED-3CF8BC3C0642}
		{6D40AE2F-A37E-4FFE-B3A1-EF932E7B3CB6} = {72380FF4-05A9-40F5-8ABD-46B2A572F453}
		{6D37DC80-844D-493C-B470-49C4A5F7F024} = {6D40AE2F-A37E-4FFE-B3A1-EF932E7B3CB6}
		{50089854-3B5E-4124-89EB-2C39C0DA6FD6} = {72380FF4-05A9-40F5-8ABD-46B2A572F453}
		{607CA85A-B7E0-4344-9FA5-5A1E1D5EB388} = {50089854-3B5E-4124-89EB-2C39C0DA6FD6}
		{92F8CF42-34ED-441E-9D76-562AFAC8BABE} = {8CC8E7BE-3B66-4334-9CB7-F5DA16CC71B0}
		{3065B333-6353-43BE-AFB9-AB32B95C68D5} = {64E9A101-EA8E-41FB-9022-DDD601ACB847}
		{B01BE4AB-632D-4205-8CA1-08C5D6E1BFFA} = {64E9A101-EA8E-41FB-9022-DDD601ACB847}
		{513C3432-2C99-4F59-BF0C-726B9C5E2E58} = {42E6F1B1-3BC0-40A3-A68D-462906F326A9}
		{5DF9EC02-F813-4813-8798-7D2B6FC064B8} = {513C3432-2C99-4F59-BF0C-726B9C5E2E58}
		{3125D2C4-05C4-4048-90D9-51B521F93AA4} = {513C3432-2C99-4F59-BF0C-726B9C5E2E58}
		{7E805616-1883-4ACB-993F-58A2031ABF11} = {42E6F1B1-3BC0-40A3-A68D-462906F326A9}
		{7212F180-3800-481C-A5A8-0A5F4EF84F0A} = {7E805616-1883-4ACB-993F-58A2031ABF11}
		{37BFA1B1-1AC4-48B5-A12C-08FDDF7E0F6A} = {7E805616-1883-4ACB-993F-58A2031ABF11}
		{FEDEECFC-6C6D-4A75-BEF1-C894762C062C} = {0B99689E-69D3-4234-A3DA-D257FFF929B9}
	EndGlobalSection
	GlobalSection(ExtensibilityGlobals) = postSolution
		SolutionGuid = {727FB557-A5D6-456A-81CB-C45F2F95FCEB}
	EndGlobalSection
EndGlobal
